<?xml version="1.0" encoding="utf-8"?>
<Project ToolsVersion="4.0" xmlns="http://schemas.microsoft.com/developer/msbuild/2003">
  <ItemGroup>
    <ClCompile Include="..\..\gstreamer\3rd_party\glib\glib\garray.c" />
    <ClCompile Include="..\..\gstreamer\3rd_party\glib\glib\gasyncqueue.c" />
    <ClCompile Include="..\..\gstreamer\3rd_party\glib\glib\gatomic.c" />
    <ClCompile Include="..\..\gstreamer\3rd_party\glib\glib\gbacktrace.c" />
    <ClCompile Include="..\..\gstreamer\3rd_party\glib\glib\gbase64.c" />
    <ClCompile Include="..\..\gstreamer\3rd_party\glib\glib\gbitlock.c" />
    <ClCompile Include="..\..\gstreamer\3rd_party\glib\glib\gbookmarkfile.c" />
    <ClCompile Include="..\..\gstreamer\3rd_party\glib\glib\gchecksum.c" />
    <ClCompile Include="..\..\gstreamer\3rd_party\glib\glib\gconvert.c" />
    <ClCompile Include="..\..\gstreamer\3rd_party\glib\glib\gdataset.c" />
    <ClCompile Include="..\..\gstreamer\3rd_party\glib\glib\gdate.c" />
    <ClCompile Include="..\..\gstreamer\3rd_party\glib\glib\gdatetime.c" />
    <ClCompile Include="..\..\gstreamer\3rd_party\glib\glib\gdir.c" />
    <ClCompile Include="..\..\gstreamer\3rd_party\glib\glib\gerror.c" />
    <ClCompile Include="..\..\gstreamer\3rd_party\glib\glib\gfileutils.c" />
    <ClCompile Include="..\..\gstreamer\3rd_party\glib\glib\ghash.c" />
    <ClCompile Include="..\..\gstreamer\3rd_party\glib\glib\ghook.c" />
    <ClCompile Include="..\..\gstreamer\3rd_party\glib\glib\ghostutils.c" />
    <ClCompile Include="..\..\gstreamer\3rd_party\glib\glib\giochannel.c" />
    <ClCompile Include="..\..\gstreamer\3rd_party\glib\glib\giowin32.c" />
    <ClCompile Include="..\..\gstreamer\3rd_party\glib\glib\gkeyfile.c" />
    <ClCompile Include="..\..\gstreamer\3rd_party\glib\glib\glist.c" />
    <ClCompile Include="..\..\gstreamer\3rd_party\glib\glib\gmain.c" />
    <ClCompile Include="..\..\gstreamer\3rd_party\glib\glib\gmappedfile.c" />
    <ClCompile Include="..\..\gstreamer\3rd_party\glib\glib\gmarkup.c" />
    <ClCompile Include="..\..\gstreamer\3rd_party\glib\glib\gmem.c" />
    <ClCompile Include="..\..\gstreamer\3rd_party\glib\glib\gmessages.c" />
    <ClCompile Include="..\..\gstreamer\3rd_party\glib\glib\gnode.c" />
    <ClCompile Include="..\..\gstreamer\3rd_party\glib\glib\gnulib\asnprintf.c" />
    <ClCompile Include="..\..\gstreamer\3rd_party\glib\glib\gnulib\printf-args.c" />
    <ClCompile Include="..\..\gstreamer\3rd_party\glib\glib\gnulib\printf-parse.c" />
    <ClCompile Include="..\..\gstreamer\3rd_party\glib\glib\gnulib\printf.c" />
    <ClCompile Include="..\..\gstreamer\3rd_party\glib\glib\gnulib\vasnprintf.c" />
    <ClCompile Include="..\..\gstreamer\3rd_party\glib\glib\goption.c" />
    <ClCompile Include="..\..\gstreamer\3rd_party\glib\glib\gpattern.c" />
    <ClCompile Include="..\..\gstreamer\3rd_party\glib\glib\gpoll.c" />
    <ClCompile Include="..\..\gstreamer\3rd_party\glib\glib\gprimes.c" />
    <ClCompile Include="..\..\gstreamer\3rd_party\glib\glib\gprintf.c" />
    <ClCompile Include="..\..\gstreamer\3rd_party\glib\glib\gqsort.c" />
    <ClCompile Include="..\..\gstreamer\3rd_party\glib\glib\gqueue.c" />
    <ClCompile Include="..\..\gstreamer\3rd_party\glib\glib\grand.c" />
    <ClCompile Include="..\..\gstreamer\3rd_party\glib\glib\gscanner.c" />
    <ClCompile Include="..\..\gstreamer\3rd_party\glib\glib\gsequence.c" />
    <ClCompile Include="..\..\gstreamer\3rd_party\glib\glib\gshell.c" />
    <ClCompile Include="..\..\gstreamer\3rd_party\glib\glib\gslice.c" />
    <ClCompile Include="..\..\gstreamer\3rd_party\glib\glib\gslist.c" />
    <ClCompile Include="..\..\gstreamer\3rd_party\glib\glib\gspawn-win32.c" />
    <ClCompile Include="..\..\gstreamer\3rd_party\glib\glib\gstdio.c" />
    <ClCompile Include="..\..\gstreamer\3rd_party\glib\glib\gstrfuncs.c" />
    <ClCompile Include="..\..\gstreamer\3rd_party\glib\glib\gstring.c" />
    <ClCompile Include="..\..\gstreamer\3rd_party\glib\glib\gtestutils.c" />
    <ClCompile Include="..\..\gstreamer\3rd_party\glib\glib\gthread.c" />
    <ClCompile Include="..\..\gstreamer\3rd_party\glib\glib\gthreadpool.c" />
    <ClCompile Include="..\..\gstreamer\3rd_party\glib\glib\gtimer.c" />
    <ClCompile Include="..\..\gstreamer\3rd_party\glib\glib\gtimezone.c" />
    <ClCompile Include="..\..\gstreamer\3rd_party\glib\glib\gtree.c" />
    <ClCompile Include="..\..\gstreamer\3rd_party\glib\glib\gunibreak.c" />
    <ClCompile Include="..\..\gstreamer\3rd_party\glib\glib\gunicollate.c" />
    <ClCompile Include="..\..\gstreamer\3rd_party\glib\glib\gunidecomp.c" />
    <ClCompile Include="..\..\gstreamer\3rd_party\glib\glib\guniprop.c" />
    <ClCompile Include="..\..\gstreamer\3rd_party\glib\glib\gurifuncs.c" />
    <ClCompile Include="..\..\gstreamer\3rd_party\glib\glib\gutf8.c" />
    <ClCompile Include="..\..\gstreamer\3rd_party\glib\glib\gutils.c" />
    <ClCompile Include="..\..\gstreamer\3rd_party\glib\glib\gvariant-core.c" />
    <ClCompile Include="..\..\gstreamer\3rd_party\glib\glib\gvariant-parser.c" />
    <ClCompile Include="..\..\gstreamer\3rd_party\glib\glib\gvariant-serialiser.c" />
    <ClCompile Include="..\..\gstreamer\3rd_party\glib\glib\gvariant.c" />
    <ClCompile Include="..\..\gstreamer\3rd_party\glib\glib\gvarianttype.c" />
    <ClCompile Include="..\..\gstreamer\3rd_party\glib\glib\gvarianttypeinfo.c" />
    <ClCompile Include="..\..\gstreamer\3rd_party\glib\glib\gwin32.c" />
    <ClCompile Include="..\..\gstreamer\3rd_party\glib\glib\libcharset\localcharset.c" />
    <ClCompile Include="..\..\gstreamer\3rd_party\glib\gmodule\gmodule.c" />
    <ClCompile Include="..\..\gstreamer\3rd_party\glib\gobject\gatomicarray.c" />
    <ClCompile Include="..\..\gstreamer\3rd_party\glib\gobject\gboxed.c" />
    <ClCompile Include="..\..\gstreamer\3rd_party\glib\gobject\gclosure.c" />
    <ClCompile Include="..\..\gstreamer\3rd_party\glib\gobject\genums.c" />
    <ClCompile Include="..\..\gstreamer\3rd_party\glib\gobject\gobject.c" />
    <ClCompile Include="..\..\gstreamer\3rd_party\glib\gobject\gparam.c" />
    <ClCompile Include="..\..\gstreamer\3rd_party\glib\gobject\gparamspecs.c" />
    <ClCompile Include="..\..\gstreamer\3rd_party\glib\gobject\gsignal.c" />
    <ClCompile Include="..\..\gstreamer\3rd_party\glib\gobject\gsourceclosure.c" />
    <ClCompile Include="..\..\gstreamer\3rd_party\glib\gobject\gtype.c" />
    <ClCompile Include="..\..\gstreamer\3rd_party\glib\gobject\gtypemodule.c" />
    <ClCompile Include="..\..\gstreamer\3rd_party\glib\gobject\gtypeplugin.c" />
    <ClCompile Include="..\..\gstreamer\3rd_party\glib\gobject\gvalue.c" />
    <ClCompile Include="..\..\gstreamer\3rd_party\glib\gobject\gvaluearray.c" />
    <ClCompile Include="..\..\gstreamer\3rd_party\glib\gobject\gvaluetransform.c" />
    <ClCompile Include="..\..\gstreamer\3rd_party\glib\gobject\gvaluetypes.c" />
    <ClCompile Include="..\..\gstreamer\3rd_party\glib\gthread\gthread-impl.c" />
  </ItemGroup>
  <ItemGroup>
    <ClInclude Include="..\..\gstreamer\3rd_party\glib\build\win32\vs100\config.h" />
    <ClInclude Include="..\..\gstreamer\3rd_party\glib\build\win32\vs100\glibconfig.h" />
  </ItemGroup>
</Project>